
Microsoft Visual Studio Solution File, Format Version 12.00
# Visual Studio Version 17
VisualStudioVersion = 17.0.32112.339
MinimumVisualStudioVersion = 10.0.40219.1
Project("{FAE04EC0-301F-11D3-BF4B-00C04F79EFBC}") = "CabVoiceGenerator", "CabVoiceGenerator\CabVoiceGenerator.csproj", "{4A3641D2-6014-4E1F-ACF3-48DC529221BC}"
EndProject
Project("{FAE04EC0-301F-11D3-BF4B-00C04F79EFBC}") = "CabReservationTestCase", "CabReservationTestCase\CabReservationTestCase.csproj", "{BC83A1CD-D90C-41B3-9AFB-81B2B3FC8321}"
EndProject
Global
	GlobalSection(SolutionConfigurationPlatforms) = preSolution
		Debug|Any CPU = Debug|Any CPU
		Release|Any CPU = Release|Any CPU
	EndGlobalSection
	GlobalSection(ProjectConfigurationPlatforms) = postSolution
		{4A3641D2-6014-4E1F-ACF3-48DC529221BC}.Debug|Any CPU.ActiveCfg = Debug|Any CPU
		{4A3641D2-6014-4E1F-ACF3-48DC529221BC}.Debug|Any CPU.Build.0 = Debug|Any CPU
		{4A3641D2-6014-4E1F-ACF3-48DC529221BC}.Release|Any CPU.ActiveCfg = Release|Any CPU
		{4A3641D2-6014-4E1F-ACF3-48DC529221BC}.Release|Any CPU.Build.0 = Release|Any CPU
		{BC83A1CD-D90C-41B3-9AFB-81B2B3FC8321}.Debug|Any CPU.ActiveCfg = Debug|Any CPU
		{BC83A1CD-D90C-41B3-9AFB-81B2B3FC8321}.Debug|Any CPU.Build.0 = Debug|Any CPU
		{BC83A1CD-D90C-41B3-9AFB-81B2B3FC8321}.Release|Any CPU.ActiveCfg = Release|Any CPU
		{BC83A1CD-D90C-41B3-9AFB-81B2B3FC8321}.Release|Any CPU.Build.0 = Release|Any CPU
	EndGlobalSection
	GlobalSection(SolutionProperties) = preSolution
		HideSolutionNode = FALSE
	EndGlobalSection
	GlobalSection(ExtensibilityGlobals) = postSolution
		SolutionGuid = {E59F1E6E-DD2F-448E-A077-F2FB4B9A9AA5}
	EndGlobalSection
EndGlobal
